
Microsoft Visual Studio Solution File, Format Version 12.00
# Visual Studio Version 16
VisualStudioVersion = 16.0.29613.14
MinimumVisualStudioVersion = 10.0.40219.1
Project("{9A19103F-16F7-4668-BE54-9A1E7A4F7556}") = "Wallet_API", "Wallet_API.csproj", "{ED851247-5E27-41EC-9E3B-682F7F1AB6C9}"
EndProject
Project("{9A19103F-16F7-4668-BE54-9A1E7A4F7556}") = "Wallet.Data", "..\Wallet.Data\Wallet.Data.csproj", "{40D88FB6-CC73-4DBA-BB78-20379784CD4D}"
EndProject
Project("{9A19103F-16F7-4668-BE54-9A1E7A4F7556}") = "Wallet.Services", "..\Wallet.Services\Wallet.Services.csproj", "{DBDC522F-D2C4-402F-B565-9DE5D573D265}"
EndProject
Global
	GlobalSection(SolutionConfigurationPlatforms) = preSolution
		Debug|Any CPU = Debug|Any CPU
		Release|Any CPU = Release|Any CPU
	EndGlobalSection
	GlobalSection(ProjectConfigurationPlatforms) = postSolution
		{ED851247-5E27-41EC-9E3B-682F7F1AB6C9}.Debug|Any CPU.ActiveCfg = Debug|Any CPU
		{ED851247-5E27-41EC-9E3B-682F7F1AB6C9}.Debug|Any CPU.Build.0 = Debug|Any CPU
		{ED851247-5E27-41EC-9E3B-682F7F1AB6C9}.Release|Any CPU.ActiveCfg = Release|Any CPU
		{ED851247-5E27-41EC-9E3B-682F7F1AB6C9}.Release|Any CPU.Build.0 = Release|Any CPU
		{40D88FB6-CC73-4DBA-BB78-20379784CD4D}.Debug|Any CPU.ActiveCfg = Debug|Any CPU
		{40D88FB6-CC73-4DBA-BB78-20379784CD4D}.Debug|Any CPU.Build.0 = Debug|Any CPU
		{40D88FB6-CC73-4DBA-BB78-20379784CD4D}.Release|Any CPU.ActiveCfg = Release|Any CPU
		{40D88FB6-CC73-4DBA-BB78-20379784CD4D}.Release|Any CPU.Build.0 = Release|Any CPU
		{DBDC522F-D2C4-402F-B565-9DE5D573D265}.Debug|Any CPU.ActiveCfg = Debug|Any CPU
		{DBDC522F-D2C4-402F-B565-9DE5D573D265}.Debug|Any CPU.Build.0 = Debug|Any CPU
		{DBDC522F-D2C4-402F-B565-9DE5D573D265}.Release|Any CPU.ActiveCfg = Release|Any CPU
		{DBDC522F-D2C4-402F-B565-9DE5D573D265}.Release|Any CPU.Build.0 = Release|Any CPU
	EndGlobalSection
	GlobalSection(SolutionProperties) = preSolution
		HideSolutionNode = FALSE
	EndGlobalSection
	GlobalSection(ExtensibilityGlobals) = postSolution
		SolutionGuid = {32EB0ECA-E9A6-4C05-B41E-111E1D4A3EE8}
	EndGlobalSection
EndGlobal
